{
  "version": 4,
  "terraform_version": "1.1.9",
  "serial": 20,
  "lineage": "0177c6db-5ed5-3a5f-5140-fbdb76ad6f0c",
  "outputs": {},
  "resources": [
    {
      "mode": "managed",
      "type": "aws_iam_instance_profile",
      "name": "namrata_tf_ec2_profile",
      "provider": "provider[\"registry.terraform.io/hashicorp/aws\"]",
      "instances": [
        {
          "schema_version": 0,
          "attributes": {
            "arn": "arn:aws:iam::883195043912:instance-profile/namrata_tf_ec2_profile",
            "create_date": "2022-05-08T03:38:48Z",
            "id": "namrata_tf_ec2_profile",
            "name": "namrata_tf_ec2_profile",
            "name_prefix": null,
            "path": "/",
            "role": "namrata_tf_ec2_role",
            "tags": {},
            "tags_all": {},
            "unique_id": "AIPA43IUG4BEIXKNIK7B7"
          },
          "sensitive_attributes": [],
          "private": "bnVsbA==",
          "dependencies": [
            "aws_iam_role.namrata_tf_ec2_role"
          ]
        }
      ]
    },
    {
      "mode": "managed",
      "type": "aws_iam_policy_attachment",
      "name": "namrata_tf_c2_attachment",
      "provider": "provider[\"registry.terraform.io/hashicorp/aws\"]",
      "instances": []
    },
    {
      "mode": "managed",
      "type": "aws_iam_role",
      "name": "namrata_tf_ec2_role",
      "provider": "provider[\"registry.terraform.io/hashicorp/aws\"]",
      "instances": [
        {
          "schema_version": 0,
          "attributes": {
            "arn": "arn:aws:iam::883195043912:role/namrata_tf_ec2_role",
            "assume_role_policy": "{\"Version\":\"2012-10-17\",\"Statement\":[{\"Sid\":\"\",\"Effect\":\"Allow\",\"Principal\":{\"Service\":\"ec2.amazonaws.com\"},\"Action\":\"sts:AssumeRole\"}]}",
            "create_date": "2022-05-08T03:38:47Z",
            "description": "",
            "force_detach_policies": false,
            "id": "namrata_tf_ec2_role",
            "inline_policy": [
              {
                "name": "namrata_tf_ec2_policy",
                "policy": "{\n  \"Version\": \"2012-10-17\",\n  \"Statement\": [\n    {\n      \"Action\": [\n        \"s3:*\"\n      ],\n      \"Effect\": \"Allow\",\n      \"Resource\": \"*\"\n    }\n  ]\n}\n"
              }
            ],
            "managed_policy_arns": [],
            "max_session_duration": 3600,
            "name": "namrata_tf_ec2_role",
            "name_prefix": "",
            "path": "/",
            "permissions_boundary": null,
            "tags": {},
            "tags_all": {},
            "unique_id": "AROA43IUG4BEO32I7J3EB"
          },
          "sensitive_attributes": [],
          "private": "bnVsbA=="
        }
      ]
    },
    {
      "mode": "managed",
      "type": "aws_iam_role_policy",
      "name": "namrata_tf_ec2_policy",
      "provider": "provider[\"registry.terraform.io/hashicorp/aws\"]",
      "instances": [
        {
          "schema_version": 0,
          "attributes": {
            "id": "namrata_tf_ec2_role:namrata_tf_ec2_policy",
            "name": "namrata_tf_ec2_policy",
            "name_prefix": null,
            "policy": "{\n  \"Version\": \"2012-10-17\",\n  \"Statement\": [\n    {\n      \"Action\": [\n        \"s3:*\"\n      ],\n      \"Effect\": \"Allow\",\n      \"Resource\": \"*\"\n    }\n  ]\n}\n",
            "role": "namrata_tf_ec2_role"
          },
          "sensitive_attributes": [],
          "private": "bnVsbA==",
          "dependencies": [
            "aws_iam_role.namrata_tf_ec2_role"
          ]
        }
      ]
    },
    {
      "mode": "managed",
      "type": "aws_iam_user",
      "name": "terraformdemouser",
      "provider": "provider[\"registry.terraform.io/hashicorp/aws\"]",
      "instances": [
        {
          "schema_version": 0,
          "attributes": {
            "arn": "arn:aws:iam::883195043912:user/namrataterraformdemo",
            "force_destroy": false,
            "id": "namrataterraformdemo",
            "name": "namrataterraformdemo",
            "path": "/",
            "permissions_boundary": null,
            "tags": {},
            "tags_all": {},
            "unique_id": "AIDA43IUG4BEL2BHOVIMO"
          },
          "sensitive_attributes": [],
          "private": "bnVsbA=="
        }
      ]
    },
    {
      "mode": "managed",
      "type": "aws_instance",
      "name": "namrata-terraform-instance",
      "provider": "provider[\"registry.terraform.io/hashicorp/aws\"]",
      "instances": [
        {
          "schema_version": 1,
          "attributes": {
            "ami": "ami-0c4f7023847b90238",
            "arn": "arn:aws:ec2:us-east-1:883195043912:instance/i-002f92fd47d125762",
            "associate_public_ip_address": true,
            "availability_zone": "us-east-1c",
            "capacity_reservation_specification": [
              {
                "capacity_reservation_preference": "open",
                "capacity_reservation_target": []
              }
            ],
            "cpu_core_count": 1,
            "cpu_threads_per_core": 1,
            "credit_specification": [
              {
                "cpu_credits": "standard"
              }
            ],
            "disable_api_termination": false,
            "ebs_block_device": [],
            "ebs_optimized": false,
            "enclave_options": [
              {
                "enabled": false
              }
            ],
            "ephemeral_block_device": [],
            "get_password_data": false,
            "hibernation": false,
            "host_id": null,
            "iam_instance_profile": "",
            "id": "i-002f92fd47d125762",
            "instance_initiated_shutdown_behavior": "stop",
            "instance_state": "running",
            "instance_type": "t2.micro",
            "ipv6_address_count": 0,
            "ipv6_addresses": [],
            "key_name": "",
            "launch_template": [],
            "maintenance_options": [
              {
                "auto_recovery": "default"
              }
            ],
            "metadata_options": [
              {
                "http_endpoint": "enabled",
                "http_put_response_hop_limit": 1,
                "http_tokens": "optional",
                "instance_metadata_tags": "disabled"
              }
            ],
            "monitoring": false,
            "network_interface": [],
            "outpost_arn": "",
            "password_data": "",
            "placement_group": "",
            "placement_partition_number": null,
            "primary_network_interface_id": "eni-0e0b55bd9e25f2656",
            "private_dns": "ip-172-31-30-76.ec2.internal",
            "private_ip": "172.31.30.76",
            "public_dns": "ec2-3-84-225-214.compute-1.amazonaws.com",
            "public_ip": "3.84.225.214",
            "root_block_device": [
              {
                "delete_on_termination": true,
                "device_name": "/dev/sda1",
                "encrypted": false,
                "iops": 100,
                "kms_key_id": "",
                "tags": {},
                "throughput": 0,
                "volume_id": "vol-0c8118da2272491e0",
                "volume_size": 8,
                "volume_type": "gp2"
              }
            ],
            "secondary_private_ips": [],
            "security_groups": [
              "default"
            ],
            "source_dest_check": true,
            "subnet_id": "subnet-0616a87e00e20312c",
            "tags": {},
            "tags_all": {},
            "tenancy": "default",
            "timeouts": null,
            "user_data": null,
            "user_data_base64": null,
            "user_data_replace_on_change": false,
            "volume_tags": null,
            "vpc_security_group_ids": [
              "sg-049eb48486e3fcaa0"
            ]
          },
          "sensitive_attributes": [],
          "private": "eyJlMmJmYjczMC1lY2FhLTExZTYtOGY4OC0zNDM2M2JjN2M0YzAiOnsiY3JlYXRlIjo2MDAwMDAwMDAwMDAsImRlbGV0ZSI6MTIwMDAwMDAwMDAwMCwidXBkYXRlIjo2MDAwMDAwMDAwMDB9LCJzY2hlbWFfdmVyc2lvbiI6IjEifQ=="
        }
      ]
    },
    {
      "mode": "managed",
      "type": "aws_key_pair",
      "name": "deployer",
      "provider": "provider[\"registry.terraform.io/hashicorp/aws\"]",
      "instances": [
        {
          "schema_version": 1,
          "attributes": {
            "arn": "arn:aws:ec2:us-east-1:883195043912:key-pair/namrata-useast-kp",
            "fingerprint": "d7:83:3f:28:76:ad:dd:13:bf:8f:24:c8:a0:f5:e5:4a",
            "id": "namrata-useast-kp",
            "key_name": "namrata-useast-kp",
            "key_name_prefix": "",
            "key_pair_id": "key-043327a6b34888826",
            "public_key": "ssh-rsa AAAAB3NzaC1yc2EAAAADAQABAAABgQDHuGq5JLdFw7jatEoUqOvHZq2NvM3CeOhT91Sv5DboxldrCMd6lAVK44mqYm4ZTV1c51jROiXFcY3DB8qbewZeD5XSADfS4pBI8b5yVWy34upqbJGfRaey+tdo7P2q5kbwoOdaVY+d35jZHkSb4+pN1XPtMGyiZl6GpHWysgCKTiN+UWM+XRS7x3s9LyvzzyZzThkca8eoUPzc3R6EDDZevDe2piDze6MEQUmDI8eybXI20Y/jP+N5qzQqnbl1aDgOirS7JU/hA5z8L5V1r2Ay3pBq4EyOuBOyMJWVKua3SZxwD4gY9nlrAUOPzet2bA1AqdQVPp4LbDapisINJ6qHFLimQeMAtWflI3FVIquP+FI0y1/y+Tnz0ICbb7TkYMP7/j6nosv6pdlz3QSXAQOKg1VEbUBLYVABzBep5ndoVuA63k6LllbGHsW+f3mkTNUeWOV6dy3OArCIt4XYDms3ns3Vf4luqfEd6yFichUJl5lLSenC0EOdNZGuaYKHve0= root@ip-172-31-23-192",
            "tags": {},
            "tags_all": {}
          },
          "sensitive_attributes": [],
          "private": "eyJzY2hlbWFfdmVyc2lvbiI6IjEifQ=="
        }
      ]
    }
  ]
}

